
Microsoft Visual Studio Solution File, Format Version 12.00
# Visual Studio 2013
VisualStudioVersion = 12.0.21005.1
MinimumVisualStudioVersion = 10.0.40219.1
Project("{FAE04EC0-301F-11D3-BF4B-00C04F79EFBC}") = "RangeOfArray", "Laba3\RangeOfArray.csproj", "{B8C5D4CA-90E7-45AB-8CD2-025D259927D0}"
EndProject
Project("{FAE04EC0-301F-11D3-BF4B-00C04F79EFBC}") = "Bankomat", "Bankomat\Bankomat.csproj", "{503E54A9-624B-4674-88A4-D229A4BC66A2}"
EndProject
Global
	GlobalSection(SolutionConfigurationPlatforms) = preSolution
		Debug|Any CPU = Debug|Any CPU
		Release|Any CPU = Release|Any CPU
	EndGlobalSection
	GlobalSection(ProjectConfigurationPlatforms) = postSolution
		{B8C5D4CA-90E7-45AB-8CD2-025D259927D0}.Debug|Any CPU.ActiveCfg = Debug|Any CPU
		{B8C5D4CA-90E7-45AB-8CD2-025D259927D0}.Debug|Any CPU.Build.0 = Debug|Any CPU
		{B8C5D4CA-90E7-45AB-8CD2-025D259927D0}.Release|Any CPU.ActiveCfg = Release|Any CPU
		{B8C5D4CA-90E7-45AB-8CD2-025D259927D0}.Release|Any CPU.Build.0 = Release|Any CPU
		{503E54A9-624B-4674-88A4-D229A4BC66A2}.Debug|Any CPU.ActiveCfg = Debug|Any CPU
		{503E54A9-624B-4674-88A4-D229A4BC66A2}.Debug|Any CPU.Build.0 = Debug|Any CPU
		{503E54A9-624B-4674-88A4-D229A4BC66A2}.Release|Any CPU.ActiveCfg = Release|Any CPU
		{503E54A9-624B-4674-88A4-D229A4BC66A2}.Release|Any CPU.Build.0 = Release|Any CPU
	EndGlobalSection
	GlobalSection(SolutionProperties) = preSolution
		HideSolutionNode = FALSE
	EndGlobalSection
EndGlobal
